
Microsoft Visual Studio Solution File, Format Version 12.00
# Visual Studio Version 16
VisualStudioVersion = 16.0.29326.143
MinimumVisualStudioVersion = 10.0.40219.1
Project("{9A19103F-16F7-4668-BE54-9A1E7A4F7556}") = "StoicMeditations.AzureFunctions", "StoicMeditations.AzureFunctions\StoicMeditations.AzureFunctions.csproj", "{CCCE2267-6C61-49EB-9B9A-8101B83BDC8C}"
EndProject
Global
	GlobalSection(SolutionConfigurationPlatforms) = preSolution
		Debug|Any CPU = Debug|Any CPU
		Release|Any CPU = Release|Any CPU
	EndGlobalSection
	GlobalSection(ProjectConfigurationPlatforms) = postSolution
		{CCCE2267-6C61-49EB-9B9A-8101B83BDC8C}.Debug|Any CPU.ActiveCfg = Debug|Any CPU
		{CCCE2267-6C61-49EB-9B9A-8101B83BDC8C}.Debug|Any CPU.Build.0 = Debug|Any CPU
		{CCCE2267-6C61-49EB-9B9A-8101B83BDC8C}.Release|Any CPU.ActiveCfg = Release|Any CPU
		{CCCE2267-6C61-49EB-9B9A-8101B83BDC8C}.Release|Any CPU.Build.0 = Release|Any CPU
	EndGlobalSection
	GlobalSection(SolutionProperties) = preSolution
		HideSolutionNode = FALSE
	EndGlobalSection
	GlobalSection(ExtensibilityGlobals) = postSolution
		SolutionGuid = {022F1DF4-6A21-48DF-9AC9-92B40EDF7BE2}
	EndGlobalSection
EndGlobal
